# THIS IS AN AUTOGENERATED FILE. DO NOT EDIT THIS FILE DIRECTLY.
# yarn lockfile v1


systemized-styling@^1.0.1:
  version "1.0.1"
  resolved "https://registry.yarnpkg.com/systemized-styling/-/systemized-styling-1.0.1.tgz#f8b525e0ee469ff261361e808593cb4b5ec88c33"
  integrity sha512-pUWXFvlS0mx2Y60YS/rOGIQF7V/eJbET2TH5ux3AAKg1oZdWSTWC1qWoETKORvjSNH/r2nILTqJUeyzYMHYxnQ==
